
Microsoft Visual Studio Solution File, Format Version 12.00
# Visual Studio 15
VisualStudioVersion = 15.0.26430.16
MinimumVisualStudioVersion = 10.0.40219.1
Project("{FAE04EC0-301F-11D3-BF4B-00C04F79EFBC}") = "ProyectoFinal", "ProyectoFinal\ProyectoFinal.csproj", "{DCA8A66D-F82A-4A1C-9018-B84F2709B4FA}"
EndProject
Global
	GlobalSection(SolutionConfigurationPlatforms) = preSolution
		Debug|Any CPU = Debug|Any CPU
		Release|Any CPU = Release|Any CPU
	EndGlobalSection
	GlobalSection(ProjectConfigurationPlatforms) = postSolution
		{DCA8A66D-F82A-4A1C-9018-B84F2709B4FA}.Debug|Any CPU.ActiveCfg = Debug|Any CPU
		{DCA8A66D-F82A-4A1C-9018-B84F2709B4FA}.Debug|Any CPU.Build.0 = Debug|Any CPU
		{DCA8A66D-F82A-4A1C-9018-B84F2709B4FA}.Release|Any CPU.ActiveCfg = Release|Any CPU
		{DCA8A66D-F82A-4A1C-9018-B84F2709B4FA}.Release|Any CPU.Build.0 = Release|Any CPU
	EndGlobalSection
	GlobalSection(SolutionProperties) = preSolution
		HideSolutionNode = FALSE
	EndGlobalSection
EndGlobal
